
Microsoft Visual Studio Solution File, Format Version 12.00
# Visual Studio 14
VisualStudioVersion = 14.0.24720.0
MinimumVisualStudioVersion = 10.0.40219.1
Project("{FAE04EC0-301F-11D3-BF4B-00C04F79EFBC}") = "PDFJS", "PDFJS\PDFJS.csproj", "{E689AC2B-7BA0-41DD-91A2-92E8969DB238}"
EndProject
Global
	GlobalSection(SolutionConfigurationPlatforms) = preSolution
		Debug|Any CPU = Debug|Any CPU
		Release|Any CPU = Release|Any CPU
	EndGlobalSection
	GlobalSection(ProjectConfigurationPlatforms) = postSolution
		{E689AC2B-7BA0-41DD-91A2-92E8969DB238}.Debug|Any CPU.ActiveCfg = Debug|Any CPU
		{E689AC2B-7BA0-41DD-91A2-92E8969DB238}.Debug|Any CPU.Build.0 = Debug|Any CPU
		{E689AC2B-7BA0-41DD-91A2-92E8969DB238}.Release|Any CPU.ActiveCfg = Release|Any CPU
		{E689AC2B-7BA0-41DD-91A2-92E8969DB238}.Release|Any CPU.Build.0 = Release|Any CPU
	EndGlobalSection
	GlobalSection(SolutionProperties) = preSolution
		HideSolutionNode = FALSE
	EndGlobalSection
EndGlobal
